// !$*UTF8*$!
{
	archiveVersion = 1;
	classes = {
	};
	objectVersion = 46;
	objects = {

/* Begin PBXBuildFile section */
		FB64DC2318BA2AA4004139EA /* b2BroadPhase.cpp in Sources */ = {isa = PBXBuildFile; fileRef = FB64DC1618BA2AA4004139EA /* b2BroadPhase.cpp */; };
		FB64DC2418BA2AA4004139EA /* b2CollideCircle.cpp in Sources */ = {isa = PBXBuildFile; fileRef = FB64DC1818BA2AA4004139EA /* b2CollideCircle.cpp */; };
		FB64DC2518BA2AA4004139EA /* b2CollideEdge.cpp in Sources */ = {isa = PBXBuildFile; fileRef = FB64DC1918BA2AA4004139EA /* b2CollideEdge.cpp */; };
		FB64DC2618BA2AA4004139EA /* b2CollidePolygon.cpp in Sources */ = {isa = PBXBuildFile; fileRef = FB64DC1A18BA2AA4004139EA /* b2CollidePolygon.cpp */; };
		FB64DC2718BA2AA4004139EA /* b2Collision.cpp in Sources */ = {isa = PBXBuildFile; fileRef = FB64DC1B18BA2AA4004139EA /* b2Collision.cpp */; };
		FB64DC2818BA2AA4004139EA /* b2Distance.cpp in Sources */ = {isa = PBXBuildFile; fileRef = FB64DC1D18BA2AA4004139EA /* b2Distance.cpp */; };
		FB64DC2918BA2AA4004139EA /* b2DynamicTree.cpp in Sources */ = {isa = PBXBuildFile; fileRef = FB64DC1F18BA2AA4004139EA /* b2DynamicTree.cpp */; };
		FB64DC2A18BA2AA4004139EA /* b2TimeOfImpact.cpp in Sources */ = {isa = PBXBuildFile; fileRef = FB64DC2118BA2AA4004139EA /* b2TimeOfImpact.cpp */; };
		FB64DC3618BA2ACD004139EA /* b2ChainShape.cpp in Sources */ = {isa = PBXBuildFile; fileRef = FB64DC2D18BA2ACD004139EA /* b2ChainShape.cpp */; };
		FB64DC3718BA2ACD004139EA /* b2CircleShape.cpp in Sources */ = {isa = PBXBuildFile; fileRef = FB64DC2F18BA2ACD004139EA /* b2CircleShape.cpp */; };
		FB64DC3818BA2ACD004139EA /* b2EdgeShape.cpp in Sources */ = {isa = PBXBuildFile; fileRef = FB64DC3118BA2ACD004139EA /* b2EdgeShape.cpp */; };
		FB64DC3918BA2ACD004139EA /* b2PolygonShape.cpp in Sources */ = {isa = PBXBuildFile; fileRef = FB64DC3318BA2ACD004139EA /* b2PolygonShape.cpp */; };
		FB64DC4818BA2AE7004139EA /* b2BlockAllocator.cpp in Sources */ = {isa = PBXBuildFile; fileRef = FB64DC3B18BA2AE7004139EA /* b2BlockAllocator.cpp */; };
		FB64DC4918BA2AE7004139EA /* b2Draw.cpp in Sources */ = {isa = PBXBuildFile; fileRef = FB64DC3D18BA2AE7004139EA /* b2Draw.cpp */; };
		FB64DC4A18BA2AE7004139EA /* b2Math.cpp in Sources */ = {isa = PBXBuildFile; fileRef = FB64DC4018BA2AE7004139EA /* b2Math.cpp */; };
		FB64DC4B18BA2AE7004139EA /* b2Settings.cpp in Sources */ = {isa = PBXBuildFile; fileRef = FB64DC4218BA2AE7004139EA /* b2Settings.cpp */; };
		FB64DC4C18BA2AE7004139EA /* b2StackAllocator.cpp in Sources */ = {isa = PBXBuildFile; fileRef = FB64DC4418BA2AE7004139EA /* b2StackAllocator.cpp */; };
		FB64DC4D18BA2AE7004139EA /* b2Timer.cpp in Sources */ = {isa = PBXBuildFile; fileRef = FB64DC4618BA2AE7004139EA /* b2Timer.cpp */; };
		FB64DC5C18BA2AF9004139EA /* b2Body.cpp in Sources */ = {isa = PBXBuildFile; fileRef = FB64DC4F18BA2AF9004139EA /* b2Body.cpp */; };
		FB64DC5D18BA2AF9004139EA /* b2ContactManager.cpp in Sources */ = {isa = PBXBuildFile; fileRef = FB64DC5118BA2AF9004139EA /* b2ContactManager.cpp */; };
		FB64DC5E18BA2AF9004139EA /* b2Fixture.cpp in Sources */ = {isa = PBXBuildFile; fileRef = FB64DC5318BA2AF9004139EA /* b2Fixture.cpp */; };
		FB64DC5F18BA2AF9004139EA /* b2Island.cpp in Sources */ = {isa = PBXBuildFile; fileRef = FB64DC5518BA2AF9004139EA /* b2Island.cpp */; };
		FB64DC6018BA2AF9004139EA /* b2World.cpp in Sources */ = {isa = PBXBuildFile; fileRef = FB64DC5818BA2AF9004139EA /* b2World.cpp */; };
		FB64DC6118BA2AF9004139EA /* b2WorldCallbacks.cpp in Sources */ = {isa = PBXBuildFile; fileRef = FB64DC5A18BA2AF9004139EA /* b2WorldCallbacks.cpp */; };
		FB64DC7518BA2B0E004139EA /* b2ChainAndCircleContact.cpp in Sources */ = {isa = PBXBuildFile; fileRef = FB64DC6318BA2B0E004139EA /* b2ChainAndCircleContact.cpp */; };
		FB64DC7618BA2B0E004139EA /* b2ChainAndPolygonContact.cpp in Sources */ = {isa = PBXBuildFile; fileRef = FB64DC6518BA2B0E004139EA /* b2ChainAndPolygonContact.cpp */; };
		FB64DC7718BA2B0E004139EA /* b2CircleContact.cpp in Sources */ = {isa = PBXBuildFile; fileRef = FB64DC6718BA2B0E004139EA /* b2CircleContact.cpp */; };
		FB64DC7818BA2B0E004139EA /* b2Contact.cpp in Sources */ = {isa = PBXBuildFile; fileRef = FB64DC6918BA2B0E004139EA /* b2Contact.cpp */; };
		FB64DC7918BA2B0E004139EA /* b2ContactSolver.cpp in Sources */ = {isa = PBXBuildFile; fileRef = FB64DC6B18BA2B0E004139EA /* b2ContactSolver.cpp */; };
		FB64DC7A18BA2B0E004139EA /* b2EdgeAndCircleContact.cpp in Sources */ = {isa = PBXBuildFile; fileRef = FB64DC6D18BA2B0E004139EA /* b2EdgeAndCircleContact.cpp */; };
		FB64DC7B18BA2B0E004139EA /* b2EdgeAndPolygonContact.cpp in Sources */ = {isa = PBXBuildFile; fileRef = FB64DC6F18BA2B0E004139EA /* b2EdgeAndPolygonContact.cpp */; };
		FB64DC7C18BA2B0E004139EA /* b2PolygonAndCircleContact.cpp in Sources */ = {isa = PBXBuildFile; fileRef = FB64DC7118BA2B0E004139EA /* b2PolygonAndCircleContact.cpp */; };
		FB64DC7D18BA2B0E004139EA /* b2PolygonContact.cpp in Sources */ = {isa = PBXBuildFile; fileRef = FB64DC7318BA2B0E004139EA /* b2PolygonContact.cpp */; };
		FB64DC9518BA2B2C004139EA /* b2DistanceJoint.cpp in Sources */ = {isa = PBXBuildFile; fileRef = FB64DC7F18BA2B2C004139EA /* b2DistanceJoint.cpp */; };
		FB64DC9618BA2B2C004139EA /* b2FrictionJoint.cpp in Sources */ = {isa = PBXBuildFile; fileRef = FB64DC8118BA2B2C004139EA /* b2FrictionJoint.cpp */; };
		FB64DC9718BA2B2C004139EA /* b2GearJoint.cpp in Sources */ = {isa = PBXBuildFile; fileRef = FB64DC8318BA2B2C004139EA /* b2GearJoint.cpp */; };
		FB64DC9818BA2B2C004139EA /* b2Joint.cpp in Sources */ = {isa = PBXBuildFile; fileRef = FB64DC8518BA2B2C004139EA /* b2Joint.cpp */; };
		FB64DC9918BA2B2C004139EA /* b2MouseJoint.cpp in Sources */ = {isa = PBXBuildFile; fileRef = FB64DC8718BA2B2C004139EA /* b2MouseJoint.cpp */; };
		FB64DC9A18BA2B2C004139EA /* b2PrismaticJoint.cpp in Sources */ = {isa = PBXBuildFile; fileRef = FB64DC8918BA2B2C004139EA /* b2PrismaticJoint.cpp */; };
		FB64DC9B18BA2B2C004139EA /* b2PulleyJoint.cpp in Sources */ = {isa = PBXBuildFile; fileRef = FB64DC8B18BA2B2C004139EA /* b2PulleyJoint.cpp */; };
		FB64DC9C18BA2B2C004139EA /* b2RevoluteJoint.cpp in Sources */ = {isa = PBXBuildFile; fileRef = FB64DC8D18BA2B2C004139EA /* b2RevoluteJoint.cpp */; };
		FB64DC9D18BA2B2C004139EA /* b2RopeJoint.cpp in Sources */ = {isa = PBXBuildFile; fileRef = FB64DC8F18BA2B2C004139EA /* b2RopeJoint.cpp */; };
		FB64DC9E18BA2B2C004139EA /* b2WeldJoint.cpp in Sources */ = {isa = PBXBuildFile; fileRef = FB64DC9118BA2B2C004139EA /* b2WeldJoint.cpp */; };
		FB64DC9F18BA2B2C004139EA /* b2WheelJoint.cpp in Sources */ = {isa = PBXBuildFile; fileRef = FB64DC9318BA2B2C004139EA /* b2WheelJoint.cpp */; };
		FB64DCA318BA2B48004139EA /* b2Rope.cpp in Sources */ = {isa = PBXBuildFile; fileRef = FB64DCA118BA2B48004139EA /* b2Rope.cpp */; };
		FB7216091885A1CD00D0B811 /* Foundation.framework in Frameworks */ = {isa = PBXBuildFile; fileRef = FB7216081885A1CD00D0B811 /* Foundation.framework */; };
		FB7216171885A1CD00D0B811 /* XCTest.framework in Frameworks */ = {isa = PBXBuildFile; fileRef = FB7216161885A1CD00D0B811 /* XCTest.framework */; };
		FB7216181885A1CD00D0B811 /* Foundation.framework in Frameworks */ = {isa = PBXBuildFile; fileRef = FB7216081885A1CD00D0B811 /* Foundation.framework */; };
		FB72161A1885A1CD00D0B811 /* UIKit.framework in Frameworks */ = {isa = PBXBuildFile; fileRef = FB7216191885A1CD00D0B811 /* UIKit.framework */; };
		FB72161D1885A1CD00D0B811 /* libbox2d.a in Frameworks */ = {isa = PBXBuildFile; fileRef = FB7216051885A1CD00D0B811 /* libbox2d.a */; };
		FB7216231885A1CD00D0B811 /* InfoPlist.strings in Resources */ = {isa = PBXBuildFile; fileRef = FB7216211885A1CD00D0B811 /* InfoPlist.strings */; };
		FB7216251885A1CD00D0B811 /* box2dTests.m in Sources */ = {isa = PBXBuildFile; fileRef = FB7216241885A1CD00D0B811 /* box2dTests.m */; };
/* End PBXBuildFile section */

/* Begin PBXContainerItemProxy section */
		FB72161B1885A1CD00D0B811 /* PBXContainerItemProxy */ = {
			isa = PBXContainerItemProxy;
			containerPortal = FB7215FD1885A1CD00D0B811 /* Project object */;
			proxyType = 1;
			remoteGlobalIDString = FB7216041885A1CD00D0B811;
			remoteInfo = box2d;
		};
/* End PBXContainerItemProxy section */

/* Begin PBXCopyFilesBuildPhase section */
		FB7216031885A1CD00D0B811 /* CopyFiles */ = {
			isa = PBXCopyFilesBuildPhase;
			buildActionMask = 2147483647;
			dstPath = "include/$(PRODUCT_NAME)";
			dstSubfolderSpec = 16;
			files = (
			);
			runOnlyForDeploymentPostprocessing = 0;
		};
/* End PBXCopyFilesBuildPhase section */

/* Begin PBXFileReference section */
		FB64DC1518BA2A8F004139EA /* Box2D.h */ = {isa = PBXFileReference; fileEncoding = 4; lastKnownFileType = sourcecode.c.h; name = Box2D.h; path = "../../box2d-2.2.1/Box2D/Box2D.h"; sourceTree = "<group>"; };
		FB64DC1618BA2AA4004139EA /* b2BroadPhase.cpp */ = {isa = PBXFileReference; fileEncoding = 4; lastKnownFileType = sourcecode.cpp.cpp; name = b2BroadPhase.cpp; path = "../../box2d-2.2.1/Box2D/Collision/b2BroadPhase.cpp"; sourceTree = "<group>"; };
		FB64DC1718BA2AA4004139EA /* b2BroadPhase.h */ = {isa = PBXFileReference; fileEncoding = 4; lastKnownFileType = sourcecode.c.h; name = b2BroadPhase.h; path = "../../box2d-2.2.1/Box2D/Collision/b2BroadPhase.h"; sourceTree = "<group>"; };
		FB64DC1818BA2AA4004139EA /* b2CollideCircle.cpp */ = {isa = PBXFileReference; fileEncoding = 4; lastKnownFileType = sourcecode.cpp.cpp; name = b2CollideCircle.cpp; path = "../../box2d-2.2.1/Box2D/Collision/b2CollideCircle.cpp"; sourceTree = "<group>"; };
		FB64DC1918BA2AA4004139EA /* b2CollideEdge.cpp */ = {isa = PBXFileReference; fileEncoding = 4; lastKnownFileType = sourcecode.cpp.cpp; name = b2CollideEdge.cpp; path = "../../box2d-2.2.1/Box2D/Collision/b2CollideEdge.cpp"; sourceTree = "<group>"; };
		FB64DC1A18BA2AA4004139EA /* b2CollidePolygon.cpp */ = {isa = PBXFileReference; fileEncoding = 4; lastKnownFileType = sourcecode.cpp.cpp; name = b2CollidePolygon.cpp; path = "../../box2d-2.2.1/Box2D/Collision/b2CollidePolygon.cpp"; sourceTree = "<group>"; };
		FB64DC1B18BA2AA4004139EA /* b2Collision.cpp */ = {isa = PBXFileReference; fileEncoding = 4; lastKnownFileType = sourcecode.cpp.cpp; name = b2Collision.cpp; path = "../../box2d-2.2.1/Box2D/Collision/b2Collision.cpp"; sourceTree = "<group>"; };
		FB64DC1C18BA2AA4004139EA /* b2Collision.h */ = {isa = PBXFileReference; fileEncoding = 4; lastKnownFileType = sourcecode.c.h; name = b2Collision.h; path = "../../box2d-2.2.1/Box2D/Collision/b2Collision.h"; sourceTree = "<group>"; };
		FB64DC1D18BA2AA4004139EA /* b2Distance.cpp */ = {isa = PBXFileReference; fileEncoding = 4; lastKnownFileType = sourcecode.cpp.cpp; name = b2Distance.cpp; path = "../../box2d-2.2.1/Box2D/Collision/b2Distance.cpp"; sourceTree = "<group>"; };
		FB64DC1E18BA2AA4004139EA /* b2Distance.h */ = {isa = PBXFileReference; fileEncoding = 4; lastKnownFileType = sourcecode.c.h; name = b2Distance.h; path = "../../box2d-2.2.1/Box2D/Collision/b2Distance.h"; sourceTree = "<group>"; };
		FB64DC1F18BA2AA4004139EA /* b2DynamicTree.cpp */ = {isa = PBXFileReference; fileEncoding = 4; lastKnownFileType = sourcecode.cpp.cpp; name = b2DynamicTree.cpp; path = "../../box2d-2.2.1/Box2D/Collision/b2DynamicTree.cpp"; sourceTree = "<group>"; };
		FB64DC2018BA2AA4004139EA /* b2DynamicTree.h */ = {isa = PBXFileReference; fileEncoding = 4; lastKnownFileType = sourcecode.c.h; name = b2DynamicTree.h; path = "../../box2d-2.2.1/Box2D/Collision/b2DynamicTree.h"; sourceTree = "<group>"; };
		FB64DC2118BA2AA4004139EA /* b2TimeOfImpact.cpp */ = {isa = PBXFileReference; fileEncoding = 4; lastKnownFileType = sourcecode.cpp.cpp; name = b2TimeOfImpact.cpp; path = "../../box2d-2.2.1/Box2D/Collision/b2TimeOfImpact.cpp"; sourceTree = "<group>"; };
		FB64DC2218BA2AA4004139EA /* b2TimeOfImpact.h */ = {isa = PBXFileReference; fileEncoding = 4; lastKnownFileType = sourcecode.c.h; name = b2TimeOfImpact.h; path = "../../box2d-2.2.1/Box2D/Collision/b2TimeOfImpact.h"; sourceTree = "<group>"; };
		FB64DC2D18BA2ACD004139EA /* b2ChainShape.cpp */ = {isa = PBXFileReference; fileEncoding = 4; lastKnownFileType = sourcecode.cpp.cpp; name = b2ChainShape.cpp; path = "../../box2d-2.2.1/Box2D/Collision/Shapes/b2ChainShape.cpp"; sourceTree = "<group>"; };
		FB64DC2E18BA2ACD004139EA /* b2ChainShape.h */ = {isa = PBXFileReference; fileEncoding = 4; lastKnownFileType = sourcecode.c.h; name = b2ChainShape.h; path = "../../box2d-2.2.1/Box2D/Collision/Shapes/b2ChainShape.h"; sourceTree = "<group>"; };
		FB64DC2F18BA2ACD004139EA /* b2CircleShape.cpp */ = {isa = PBXFileReference; fileEncoding = 4; lastKnownFileType = sourcecode.cpp.cpp; name = b2CircleShape.cpp; path = "../../box2d-2.2.1/Box2D/Collision/Shapes/b2CircleShape.cpp"; sourceTree = "<group>"; };
		FB64DC3018BA2ACD004139EA /* b2CircleShape.h */ = {isa = PBXFileReference; fileEncoding = 4; lastKnownFileType = sourcecode.c.h; name = b2CircleShape.h; path = "../../box2d-2.2.1/Box2D/Collision/Shapes/b2CircleShape.h"; sourceTree = "<group>"; };
		FB64DC3118BA2ACD004139EA /* b2EdgeShape.cpp */ = {isa = PBXFileReference; fileEncoding = 4; lastKnownFileType = sourcecode.cpp.cpp; name = b2EdgeShape.cpp; path = "../../box2d-2.2.1/Box2D/Collision/Shapes/b2EdgeShape.cpp"; sourceTree = "<group>"; };
		FB64DC3218BA2ACD004139EA /* b2EdgeShape.h */ = {isa = PBXFileReference; fileEncoding = 4; lastKnownFileType = sourcecode.c.h; name = b2EdgeShape.h; path = "../../box2d-2.2.1/Box2D/Collision/Shapes/b2EdgeShape.h"; sourceTree = "<group>"; };
		FB64DC3318BA2ACD004139EA /* b2PolygonShape.cpp */ = {isa = PBXFileReference; fileEncoding = 4; lastKnownFileType = sourcecode.cpp.cpp; name = b2PolygonShape.cpp; path = "../../box2d-2.2.1/Box2D/Collision/Shapes/b2PolygonShape.cpp"; sourceTree = "<group>"; };
		FB64DC3418BA2ACD004139EA /* b2PolygonShape.h */ = {isa = PBXFileReference; fileEncoding = 4; lastKnownFileType = sourcecode.c.h; name = b2PolygonShape.h; path = "../../box2d-2.2.1/Box2D/Collision/Shapes/b2PolygonShape.h"; sourceTree = "<group>"; };
		FB64DC3518BA2ACD004139EA /* b2Shape.h */ = {isa = PBXFileReference; fileEncoding = 4; lastKnownFileType = sourcecode.c.h; name = b2Shape.h; path = "../../box2d-2.2.1/Box2D/Collision/Shapes/b2Shape.h"; sourceTree = "<group>"; };
		FB64DC3B18BA2AE7004139EA /* b2BlockAllocator.cpp */ = {isa = PBXFileReference; fileEncoding = 4; lastKnownFileType = sourcecode.cpp.cpp; name = b2BlockAllocator.cpp; path = "../../box2d-2.2.1/Box2D/Common/b2BlockAllocator.cpp"; sourceTree = "<group>"; };
		FB64DC3C18BA2AE7004139EA /* b2BlockAllocator.h */ = {isa = PBXFileReference; fileEncoding = 4; lastKnownFileType = sourcecode.c.h; name = b2BlockAllocator.h; path = "../../box2d-2.2.1/Box2D/Common/b2BlockAllocator.h"; sourceTree = "<group>"; };
		FB64DC3D18BA2AE7004139EA /* b2Draw.cpp */ = {isa = PBXFileReference; fileEncoding = 4; lastKnownFileType = sourcecode.cpp.cpp; name = b2Draw.cpp; path = "../../box2d-2.2.1/Box2D/Common/b2Draw.cpp"; sourceTree = "<group>"; };
		FB64DC3E18BA2AE7004139EA /* b2Draw.h */ = {isa = PBXFileReference; fileEncoding = 4; lastKnownFileType = sourcecode.c.h; name = b2Draw.h; path = "../../box2d-2.2.1/Box2D/Common/b2Draw.h"; sourceTree = "<group>"; };
		FB64DC3F18BA2AE7004139EA /* b2GrowableStack.h */ = {isa = PBXFileReference; fileEncoding = 4; lastKnownFileType = sourcecode.c.h; name = b2GrowableStack.h; path = "../../box2d-2.2.1/Box2D/Common/b2GrowableStack.h"; sourceTree = "<group>"; };
		FB64DC4018BA2AE7004139EA /* b2Math.cpp */ = {isa = PBXFileReference; fileEncoding = 4; lastKnownFileType = sourcecode.cpp.cpp; name = b2Math.cpp; path = "../../box2d-2.2.1/Box2D/Common/b2Math.cpp"; sourceTree = "<group>"; };
		FB64DC4118BA2AE7004139EA /* b2Math.h */ = {isa = PBXFileReference; fileEncoding = 4; lastKnownFileType = sourcecode.c.h; name = b2Math.h; path = "../../box2d-2.2.1/Box2D/Common/b2Math.h"; sourceTree = "<group>"; };
		FB64DC4218BA2AE7004139EA /* b2Settings.cpp */ = {isa = PBXFileReference; fileEncoding = 4; lastKnownFileType = sourcecode.cpp.cpp; name = b2Settings.cpp; path = "../../box2d-2.2.1/Box2D/Common/b2Settings.cpp"; sourceTree = "<group>"; };
		FB64DC4318BA2AE7004139EA /* b2Settings.h */ = {isa = PBXFileReference; fileEncoding = 4; lastKnownFileType = sourcecode.c.h; name = b2Settings.h; path = "../../box2d-2.2.1/Box2D/Common/b2Settings.h"; sourceTree = "<group>"; };
		FB64DC4418BA2AE7004139EA /* b2StackAllocator.cpp */ = {isa = PBXFileReference; fileEncoding = 4; lastKnownFileType = sourcecode.cpp.cpp; name = b2StackAllocator.cpp; path = "../../box2d-2.2.1/Box2D/Common/b2StackAllocator.cpp"; sourceTree = "<group>"; };
		FB64DC4518BA2AE7004139EA /* b2StackAllocator.h */ = {isa = PBXFileReference; fileEncoding = 4; lastKnownFileType = sourcecode.c.h; name = b2StackAllocator.h; path = "../../box2d-2.2.1/Box2D/Common/b2StackAllocator.h"; sourceTree = "<group>"; };
		FB64DC4618BA2AE7004139EA /* b2Timer.cpp */ = {isa = PBXFileReference; fileEncoding = 4; lastKnownFileType = sourcecode.cpp.cpp; name = b2Timer.cpp; path = "../../box2d-2.2.1/Box2D/Common/b2Timer.cpp"; sourceTree = "<group>"; };
		FB64DC4718BA2AE7004139EA /* b2Timer.h */ = {isa = PBXFileReference; fileEncoding = 4; lastKnownFileType = sourcecode.c.h; name = b2Timer.h; path = "../../box2d-2.2.1/Box2D/Common/b2Timer.h"; sourceTree = "<group>"; };
		FB64DC4F18BA2AF9004139EA /* b2Body.cpp */ = {isa = PBXFileReference; fileEncoding = 4; lastKnownFileType = sourcecode.cpp.cpp; name = b2Body.cpp; path = "../../box2d-2.2.1/Box2D/Dynamics/b2Body.cpp"; sourceTree = "<group>"; };
		FB64DC5018BA2AF9004139EA /* b2Body.h */ = {isa = PBXFileReference; fileEncoding = 4; lastKnownFileType = sourcecode.c.h; name = b2Body.h; path = "../../box2d-2.2.1/Box2D/Dynamics/b2Body.h"; sourceTree = "<group>"; };
		FB64DC5118BA2AF9004139EA /* b2ContactManager.cpp */ = {isa = PBXFileReference; fileEncoding = 4; lastKnownFileType = sourcecode.cpp.cpp; name = b2ContactManager.cpp; path = "../../box2d-2.2.1/Box2D/Dynamics/b2ContactManager.cpp"; sourceTree = "<group>"; };
		FB64DC5218BA2AF9004139EA /* b2ContactManager.h */ = {isa = PBXFileReference; fileEncoding = 4; lastKnownFileType = sourcecode.c.h; name = b2ContactManager.h; path = "../../box2d-2.2.1/Box2D/Dynamics/b2ContactManager.h"; sourceTree = "<group>"; };
		FB64DC5318BA2AF9004139EA /* b2Fixture.cpp */ = {isa = PBXFileReference; fileEncoding = 4; lastKnownFileType = sourcecode.cpp.cpp; name = b2Fixture.cpp; path = "../../box2d-2.2.1/Box2D/Dynamics/b2Fixture.cpp"; sourceTree = "<group>"; };
		FB64DC5418BA2AF9004139EA /* b2Fixture.h */ = {isa = PBXFileReference; fileEncoding = 4; lastKnownFileType = sourcecode.c.h; name = b2Fixture.h; path = "../../box2d-2.2.1/Box2D/Dynamics/b2Fixture.h"; sourceTree = "<group>"; };
		FB64DC5518BA2AF9004139EA /* b2Island.cpp */ = {isa = PBXFileReference; fileEncoding = 4; lastKnownFileType = sourcecode.cpp.cpp; name = b2Island.cpp; path = "../../box2d-2.2.1/Box2D/Dynamics/b2Island.cpp"; sourceTree = "<group>"; };
		FB64DC5618BA2AF9004139EA /* b2Island.h */ = {isa = PBXFileReference; fileEncoding = 4; lastKnownFileType = sourcecode.c.h; name = b2Island.h; path = "../../box2d-2.2.1/Box2D/Dynamics/b2Island.h"; sourceTree = "<group>"; };
		FB64DC5718BA2AF9004139EA /* b2TimeStep.h */ = {isa = PBXFileReference; fileEncoding = 4; lastKnownFileType = sourcecode.c.h; name = b2TimeStep.h; path = "../../box2d-2.2.1/Box2D/Dynamics/b2TimeStep.h"; sourceTree = "<group>"; };
		FB64DC5818BA2AF9004139EA /* b2World.cpp */ = {isa = PBXFileReference; fileEncoding = 4; lastKnownFileType = sourcecode.cpp.cpp; name = b2World.cpp; path = "../../box2d-2.2.1/Box2D/Dynamics/b2World.cpp"; sourceTree = "<group>"; };
		FB64DC5918BA2AF9004139EA /* b2World.h */ = {isa = PBXFileReference; fileEncoding = 4; lastKnownFileType = sourcecode.c.h; name = b2World.h; path = "../../box2d-2.2.1/Box2D/Dynamics/b2World.h"; sourceTree = "<group>"; };
		FB64DC5A18BA2AF9004139EA /* b2WorldCallbacks.cpp */ = {isa = PBXFileReference; fileEncoding = 4; lastKnownFileType = sourcecode.cpp.cpp; name = b2WorldCallbacks.cpp; path = "../../box2d-2.2.1/Box2D/Dynamics/b2WorldCallbacks.cpp"; sourceTree = "<group>"; };
		FB64DC5B18BA2AF9004139EA /* b2WorldCallbacks.h */ = {isa = PBXFileReference; fileEncoding = 4; lastKnownFileType = sourcecode.c.h; name = b2WorldCallbacks.h; path = "../../box2d-2.2.1/Box2D/Dynamics/b2WorldCallbacks.h"; sourceTree = "<group>"; };
		FB64DC6318BA2B0E004139EA /* b2ChainAndCircleContact.cpp */ = {isa = PBXFileReference; fileEncoding = 4; lastKnownFileType = sourcecode.cpp.cpp; name = b2ChainAndCircleContact.cpp; path = "../../box2d-2.2.1/Box2D/Dynamics/Contacts/b2ChainAndCircleContact.cpp"; sourceTree = "<group>"; };
		FB64DC6418BA2B0E004139EA /* b2ChainAndCircleContact.h */ = {isa = PBXFileReference; fileEncoding = 4; lastKnownFileType = sourcecode.c.h; name = b2ChainAndCircleContact.h; path = "../../box2d-2.2.1/Box2D/Dynamics/Contacts/b2ChainAndCircleContact.h"; sourceTree = "<group>"; };
		FB64DC6518BA2B0E004139EA /* b2ChainAndPolygonContact.cpp */ = {isa = PBXFileReference; fileEncoding = 4; lastKnownFileType = sourcecode.cpp.cpp; name = b2ChainAndPolygonContact.cpp; path = "../../box2d-2.2.1/Box2D/Dynamics/Contacts/b2ChainAndPolygonContact.cpp"; sourceTree = "<group>"; };
		FB64DC6618BA2B0E004139EA /* b2ChainAndPolygonContact.h */ = {isa = PBXFileReference; fileEncoding = 4; lastKnownFileType = sourcecode.c.h; name = b2ChainAndPolygonContact.h; path = "../../box2d-2.2.1/Box2D/Dynamics/Contacts/b2ChainAndPolygonContact.h"; sourceTree = "<group>"; };
		FB64DC6718BA2B0E004139EA /* b2CircleContact.cpp */ = {isa = PBXFileReference; fileEncoding = 4; lastKnownFileType = sourcecode.cpp.cpp; name = b2CircleContact.cpp; path = "../../box2d-2.2.1/Box2D/Dynamics/Contacts/b2CircleContact.cpp"; sourceTree = "<group>"; };
		FB64DC6818BA2B0E004139EA /* b2CircleContact.h */ = {isa = PBXFileReference; fileEncoding = 4; lastKnownFileType = sourcecode.c.h; name = b2CircleContact.h; path = "../../box2d-2.2.1/Box2D/Dynamics/Contacts/b2CircleContact.h"; sourceTree = "<group>"; };
		FB64DC6918BA2B0E004139EA /* b2Contact.cpp */ = {isa = PBXFileReference; fileEncoding = 4; lastKnownFileType = sourcecode.cpp.cpp; name = b2Contact.cpp; path = "../../box2d-2.2.1/Box2D/Dynamics/Contacts/b2Contact.cpp"; sourceTree = "<group>"; };
		FB64DC6A18BA2B0E004139EA /* b2Contact.h */ = {isa = PBXFileReference; fileEncoding = 4; lastKnownFileType = sourcecode.c.h; name = b2Contact.h; path = "../../box2d-2.2.1/Box2D/Dynamics/Contacts/b2Contact.h"; sourceTree = "<group>"; };
		FB64DC6B18BA2B0E004139EA /* b2ContactSolver.cpp */ = {isa = PBXFileReference; fileEncoding = 4; lastKnownFileType = sourcecode.cpp.cpp; name = b2ContactSolver.cpp; path = "../../box2d-2.2.1/Box2D/Dynamics/Contacts/b2ContactSolver.cpp"; sourceTree = "<group>"; };
		FB64DC6C18BA2B0E004139EA /* b2ContactSolver.h */ = {isa = PBXFileReference; fileEncoding = 4; lastKnownFileType = sourcecode.c.h; name = b2ContactSolver.h; path = "../../box2d-2.2.1/Box2D/Dynamics/Contacts/b2ContactSolver.h"; sourceTree = "<group>"; };
		FB64DC6D18BA2B0E004139EA /* b2EdgeAndCircleContact.cpp */ = {isa = PBXFileReference; fileEncoding = 4; lastKnownFileType = sourcecode.cpp.cpp; name = b2EdgeAndCircleContact.cpp; path = "../../box2d-2.2.1/Box2D/Dynamics/Contacts/b2EdgeAndCircleContact.cpp"; sourceTree = "<group>"; };
		FB64DC6E18BA2B0E004139EA /* b2EdgeAndCircleContact.h */ = {isa = PBXFileReference; fileEncoding = 4; lastKnownFileType = sourcecode.c.h; name = b2EdgeAndCircleContact.h; path = "../../box2d-2.2.1/Box2D/Dynamics/Contacts/b2EdgeAndCircleContact.h"; sourceTree = "<group>"; };
		FB64DC6F18BA2B0E004139EA /* b2EdgeAndPolygonContact.cpp */ = {isa = PBXFileReference; fileEncoding = 4; lastKnownFileType = sourcecode.cpp.cpp; name = b2EdgeAndPolygonContact.cpp; path = "../../box2d-2.2.1/Box2D/Dynamics/Contacts/b2EdgeAndPolygonContact.cpp"; sourceTree = "<group>"; };
		FB64DC7018BA2B0E004139EA /* b2EdgeAndPolygonContact.h */ = {isa = PBXFileReference; fileEncoding = 4; lastKnownFileType = sourcecode.c.h; name = b2EdgeAndPolygonContact.h; path = "../../box2d-2.2.1/Box2D/Dynamics/Contacts/b2EdgeAndPolygonContact.h"; sourceTree = "<group>"; };
		FB64DC7118BA2B0E004139EA /* b2PolygonAndCircleContact.cpp */ = {isa = PBXFileReference; fileEncoding = 4; lastKnownFileType = sourcecode.cpp.cpp; name = b2PolygonAndCircleContact.cpp; path = "../../box2d-2.2.1/Box2D/Dynamics/Contacts/b2PolygonAndCircleContact.cpp"; sourceTree = "<group>"; };
		FB64DC7218BA2B0E004139EA /* b2PolygonAndCircleContact.h */ = {isa = PBXFileReference; fileEncoding = 4; lastKnownFileType = sourcecode.c.h; name = b2PolygonAndCircleContact.h; path = "../../box2d-2.2.1/Box2D/Dynamics/Contacts/b2PolygonAndCircleContact.h"; sourceTree = "<group>"; };
		FB64DC7318BA2B0E004139EA /* b2PolygonContact.cpp */ = {isa = PBXFileReference; fileEncoding = 4; lastKnownFileType = sourcecode.cpp.cpp; name = b2PolygonContact.cpp; path = "../../box2d-2.2.1/Box2D/Dynamics/Contacts/b2PolygonContact.cpp"; sourceTree = "<group>"; };
		FB64DC7418BA2B0E004139EA /* b2PolygonContact.h */ = {isa = PBXFileReference; fileEncoding = 4; lastKnownFileType = sourcecode.c.h; name = b2PolygonContact.h; path = "../../box2d-2.2.1/Box2D/Dynamics/Contacts/b2PolygonContact.h"; sourceTree = "<group>"; };
		FB64DC7F18BA2B2C004139EA /* b2DistanceJoint.cpp */ = {isa = PBXFileReference; fileEncoding = 4; lastKnownFileType = sourcecode.cpp.cpp; name = b2DistanceJoint.cpp; path = "../../box2d-2.2.1/Box2D/Dynamics/Joints/b2DistanceJoint.cpp"; sourceTree = "<group>"; };
		FB64DC8018BA2B2C004139EA /* b2DistanceJoint.h */ = {isa = PBXFileReference; fileEncoding = 4; lastKnownFileType = sourcecode.c.h; name = b2DistanceJoint.h; path = "../../box2d-2.2.1/Box2D/Dynamics/Joints/b2DistanceJoint.h"; sourceTree = "<group>"; };
		FB64DC8118BA2B2C004139EA /* b2FrictionJoint.cpp */ = {isa = PBXFileReference; fileEncoding = 4; lastKnownFileType = sourcecode.cpp.cpp; name = b2FrictionJoint.cpp; path = "../../box2d-2.2.1/Box2D/Dynamics/Joints/b2FrictionJoint.cpp"; sourceTree = "<group>"; };
		FB64DC8218BA2B2C004139EA /* b2FrictionJoint.h */ = {isa = PBXFileReference; fileEncoding = 4; lastKnownFileType = sourcecode.c.h; name = b2FrictionJoint.h; path = "../../box2d-2.2.1/Box2D/Dynamics/Joints/b2FrictionJoint.h"; sourceTree = "<group>"; };
		FB64DC8318BA2B2C004139EA /* b2GearJoint.cpp */ = {isa = PBXFileReference; fileEncoding = 4; lastKnownFileType = sourcecode.cpp.cpp; name = b2GearJoint.cpp; path = "../../box2d-2.2.1/Box2D/Dynamics/Joints/b2GearJoint.cpp"; sourceTree = "<group>"; };
		FB64DC8418BA2B2C004139EA /* b2GearJoint.h */ = {isa = PBXFileReference; fileEncoding = 4; lastKnownFileType = sourcecode.c.h; name = b2GearJoint.h; path = "../../box2d-2.2.1/Box2D/Dynamics/Joints/b2GearJoint.h"; sourceTree = "<group>"; };
		FB64DC8518BA2B2C004139EA /* b2Joint.cpp */ = {isa = PBXFileReference; fileEncoding = 4; lastKnownFileType = sourcecode.cpp.cpp; name = b2Joint.cpp; path = "../../box2d-2.2.1/Box2D/Dynamics/Joints/b2Joint.cpp"; sourceTree = "<group>"; };
		FB64DC8618BA2B2C004139EA /* b2Joint.h */ = {isa = PBXFileReference; fileEncoding = 4; lastKnownFileType = sourcecode.c.h; name = b2Joint.h; path = "../../box2d-2.2.1/Box2D/Dynamics/Joints/b2Joint.h"; sourceTree = "<group>"; };
		FB64DC8718BA2B2C004139EA /* b2MouseJoint.cpp */ = {isa = PBXFileReference; fileEncoding = 4; lastKnownFileType = sourcecode.cpp.cpp; name = b2MouseJoint.cpp; path = "../../box2d-2.2.1/Box2D/Dynamics/Joints/b2MouseJoint.cpp"; sourceTree = "<group>"; };
		FB64DC8818BA2B2C004139EA /* b2MouseJoint.h */ = {isa = PBXFileReference; fileEncoding = 4; lastKnownFileType = sourcecode.c.h; name = b2MouseJoint.h; path = "../../box2d-2.2.1/Box2D/Dynamics/Joints/b2MouseJoint.h"; sourceTree = "<group>"; };
		FB64DC8918BA2B2C004139EA /* b2PrismaticJoint.cpp */ = {isa = PBXFileReference; fileEncoding = 4; lastKnownFileType = sourcecode.cpp.cpp; name = b2PrismaticJoint.cpp; path = "../../box2d-2.2.1/Box2D/Dynamics/Joints/b2PrismaticJoint.cpp"; sourceTree = "<group>"; };
		FB64DC8A18BA2B2C004139EA /* b2PrismaticJoint.h */ = {isa = PBXFileReference; fileEncoding = 4; lastKnownFileType = sourcecode.c.h; name = b2PrismaticJoint.h; path = "../../box2d-2.2.1/Box2D/Dynamics/Joints/b2PrismaticJoint.h"; sourceTree = "<group>"; };
		FB64DC8B18BA2B2C004139EA /* b2PulleyJoint.cpp */ = {isa = PBXFileReference; fileEncoding = 4; lastKnownFileType = sourcecode.cpp.cpp; name = b2PulleyJoint.cpp; path = "../../box2d-2.2.1/Box2D/Dynamics/Joints/b2PulleyJoint.cpp"; sourceTree = "<group>"; };
		FB64DC8C18BA2B2C004139EA /* b2PulleyJoint.h */ = {isa = PBXFileReference; fileEncoding = 4; lastKnownFileType = sourcecode.c.h; name = b2PulleyJoint.h; path = "../../box2d-2.2.1/Box2D/Dynamics/Joints/b2PulleyJoint.h"; sourceTree = "<group>"; };
		FB64DC8D18BA2B2C004139EA /* b2RevoluteJoint.cpp */ = {isa = PBXFileReference; fileEncoding = 4; lastKnownFileType = sourcecode.cpp.cpp; name = b2RevoluteJoint.cpp; path = "../../box2d-2.2.1/Box2D/Dynamics/Joints/b2RevoluteJoint.cpp"; sourceTree = "<group>"; };
		FB64DC8E18BA2B2C004139EA /* b2RevoluteJoint.h */ = {isa = PBXFileReference; fileEncoding = 4; lastKnownFileType = sourcecode.c.h; name = b2RevoluteJoint.h; path = "../../box2d-2.2.1/Box2D/Dynamics/Joints/b2RevoluteJoint.h"; sourceTree = "<group>"; };
		FB64DC8F18BA2B2C004139EA /* b2RopeJoint.cpp */ = {isa = PBXFileReference; fileEncoding = 4; lastKnownFileType = sourcecode.cpp.cpp; name = b2RopeJoint.cpp; path = "../../box2d-2.2.1/Box2D/Dynamics/Joints/b2RopeJoint.cpp"; sourceTree = "<group>"; };
		FB64DC9018BA2B2C004139EA /* b2RopeJoint.h */ = {isa = PBXFileReference; fileEncoding = 4; lastKnownFileType = sourcecode.c.h; name = b2RopeJoint.h; path = "../../box2d-2.2.1/Box2D/Dynamics/Joints/b2RopeJoint.h"; sourceTree = "<group>"; };
		FB64DC9118BA2B2C004139EA /* b2WeldJoint.cpp */ = {isa = PBXFileReference; fileEncoding = 4; lastKnownFileType = sourcecode.cpp.cpp; name = b2WeldJoint.cpp; path = "../../box2d-2.2.1/Box2D/Dynamics/Joints/b2WeldJoint.cpp"; sourceTree = "<group>"; };
		FB64DC9218BA2B2C004139EA /* b2WeldJoint.h */ = {isa = PBXFileReference; fileEncoding = 4; lastKnownFileType = sourcecode.c.h; name = b2WeldJoint.h; path = "../../box2d-2.2.1/Box2D/Dynamics/Joints/b2WeldJoint.h"; sourceTree = "<group>"; };
		FB64DC9318BA2B2C004139EA /* b2WheelJoint.cpp */ = {isa = PBXFileReference; fileEncoding = 4; lastKnownFileType = sourcecode.cpp.cpp; name = b2WheelJoint.cpp; path = "../../box2d-2.2.1/Box2D/Dynamics/Joints/b2WheelJoint.cpp"; sourceTree = "<group>"; };
		FB64DC9418BA2B2C004139EA /* b2WheelJoint.h */ = {isa = PBXFileReference; fileEncoding = 4; lastKnownFileType = sourcecode.c.h; name = b2WheelJoint.h; path = "../../box2d-2.2.1/Box2D/Dynamics/Joints/b2WheelJoint.h"; sourceTree = "<group>"; };
		FB64DCA118BA2B48004139EA /* b2Rope.cpp */ = {isa = PBXFileReference; fileEncoding = 4; lastKnownFileType = sourcecode.cpp.cpp; name = b2Rope.cpp; path = "../../box2d-2.2.1/Box2D/Rope/b2Rope.cpp"; sourceTree = "<group>"; };
		FB64DCA218BA2B48004139EA /* b2Rope.h */ = {isa = PBXFileReference; fileEncoding = 4; lastKnownFileType = sourcecode.c.h; name = b2Rope.h; path = "../../box2d-2.2.1/Box2D/Rope/b2Rope.h"; sourceTree = "<group>"; };
		FB7216051885A1CD00D0B811 /* libbox2d.a */ = {isa = PBXFileReference; explicitFileType = archive.ar; includeInIndex = 0; path = libbox2d.a; sourceTree = BUILT_PRODUCTS_DIR; };
		FB7216081885A1CD00D0B811 /* Foundation.framework */ = {isa = PBXFileReference; lastKnownFileType = wrapper.framework; name = Foundation.framework; path = System/Library/Frameworks/Foundation.framework; sourceTree = SDKROOT; };
		FB72160C1885A1CD00D0B811 /* box2d-Prefix.pch */ = {isa = PBXFileReference; lastKnownFileType = sourcecode.c.h; path = "box2d-Prefix.pch"; sourceTree = "<group>"; };
		FB7216151885A1CD00D0B811 /* box2dTests.xctest */ = {isa = PBXFileReference; explicitFileType = wrapper.cfbundle; includeInIndex = 0; path = box2dTests.xctest; sourceTree = BUILT_PRODUCTS_DIR; };
		FB7216161885A1CD00D0B811 /* XCTest.framework */ = {isa = PBXFileReference; lastKnownFileType = wrapper.framework; name = XCTest.framework; path = Library/Frameworks/XCTest.framework; sourceTree = DEVELOPER_DIR; };
		FB7216191885A1CD00D0B811 /* UIKit.framework */ = {isa = PBXFileReference; lastKnownFileType = wrapper.framework; name = UIKit.framework; path = Library/Frameworks/UIKit.framework; sourceTree = DEVELOPER_DIR; };
		FB7216201885A1CD00D0B811 /* box2dTests-Info.plist */ = {isa = PBXFileReference; lastKnownFileType = text.plist.xml; path = "box2dTests-Info.plist"; sourceTree = "<group>"; };
		FB7216221885A1CD00D0B811 /* en */ = {isa = PBXFileReference; lastKnownFileType = text.plist.strings; name = en; path = en.lproj/InfoPlist.strings; sourceTree = "<group>"; };
		FB7216241885A1CD00D0B811 /* box2dTests.m */ = {isa = PBXFileReference; lastKnownFileType = sourcecode.c.objc; path = box2dTests.m; sourceTree = "<group>"; };
		FB7216C71885A8B800D0B811 /* box2d-2.2.1 */ = {isa = PBXFileReference; lastKnownFileType = folder; name = "box2d-2.2.1"; path = "../../box2d-2.2.1"; sourceTree = "<group>"; };
/* End PBXFileReference section */

/* Begin PBXFrameworksBuildPhase section */
		FB7216021885A1CD00D0B811 /* Frameworks */ = {
			isa = PBXFrameworksBuildPhase;
			buildActionMask = 2147483647;
			files = (
				FB7216091885A1CD00D0B811 /* Foundation.framework in Frameworks */,
			);
			runOnlyForDeploymentPostprocessing = 0;
		};
		FB7216121885A1CD00D0B811 /* Frameworks */ = {
			isa = PBXFrameworksBuildPhase;
			buildActionMask = 2147483647;
			files = (
				FB7216171885A1CD00D0B811 /* XCTest.framework in Frameworks */,
				FB72161A1885A1CD00D0B811 /* UIKit.framework in Frameworks */,
				FB7216181885A1CD00D0B811 /* Foundation.framework in Frameworks */,
				FB72161D1885A1CD00D0B811 /* libbox2d.a in Frameworks */,
			);
			runOnlyForDeploymentPostprocessing = 0;
		};
/* End PBXFrameworksBuildPhase section */

/* Begin PBXGroup section */
		FB64DC1318BA2A65004139EA /* src */ = {
			isa = PBXGroup;
			children = (
				FB64DCA018BA2B33004139EA /* Rope */,
				FB64DC4E18BA2AEA004139EA /* Dynamics */,
				FB64DC3A18BA2AD9004139EA /* Common */,
				FB64DC2B18BA2AA8004139EA /* Collision */,
				FB64DC1518BA2A8F004139EA /* Box2D.h */,
			);
			name = src;
			sourceTree = "<group>";
		};
		FB64DC2B18BA2AA8004139EA /* Collision */ = {
			isa = PBXGroup;
			children = (
				FB64DC2C18BA2AB5004139EA /* Shapes */,
				FB64DC1618BA2AA4004139EA /* b2BroadPhase.cpp */,
				FB64DC1718BA2AA4004139EA /* b2BroadPhase.h */,
				FB64DC1818BA2AA4004139EA /* b2CollideCircle.cpp */,
				FB64DC1918BA2AA4004139EA /* b2CollideEdge.cpp */,
				FB64DC1A18BA2AA4004139EA /* b2CollidePolygon.cpp */,
				FB64DC1B18BA2AA4004139EA /* b2Collision.cpp */,
				FB64DC1C18BA2AA4004139EA /* b2Collision.h */,
				FB64DC1D18BA2AA4004139EA /* b2Distance.cpp */,
				FB64DC1E18BA2AA4004139EA /* b2Distance.h */,
				FB64DC1F18BA2AA4004139EA /* b2DynamicTree.cpp */,
				FB64DC2018BA2AA4004139EA /* b2DynamicTree.h */,
				FB64DC2118BA2AA4004139EA /* b2TimeOfImpact.cpp */,
				FB64DC2218BA2AA4004139EA /* b2TimeOfImpact.h */,
			);
			name = Collision;
			sourceTree = "<group>";
		};
		FB64DC2C18BA2AB5004139EA /* Shapes */ = {
			isa = PBXGroup;
			children = (
				FB64DC2D18BA2ACD004139EA /* b2ChainShape.cpp */,
				FB64DC2E18BA2ACD004139EA /* b2ChainShape.h */,
				FB64DC2F18BA2ACD004139EA /* b2CircleShape.cpp */,
				FB64DC3018BA2ACD004139EA /* b2CircleShape.h */,
				FB64DC3118BA2ACD004139EA /* b2EdgeShape.cpp */,
				FB64DC3218BA2ACD004139EA /* b2EdgeShape.h */,
				FB64DC3318BA2ACD004139EA /* b2PolygonShape.cpp */,
				FB64DC3418BA2ACD004139EA /* b2PolygonShape.h */,
				FB64DC3518BA2ACD004139EA /* b2Shape.h */,
			);
			name = Shapes;
			sourceTree = "<group>";
		};
		FB64DC3A18BA2AD9004139EA /* Common */ = {
			isa = PBXGroup;
			children = (
				FB64DC3B18BA2AE7004139EA /* b2BlockAllocator.cpp */,
				FB64DC3C18BA2AE7004139EA /* b2BlockAllocator.h */,
				FB64DC3D18BA2AE7004139EA /* b2Draw.cpp */,
				FB64DC3E18BA2AE7004139EA /* b2Draw.h */,
				FB64DC3F18BA2AE7004139EA /* b2GrowableStack.h */,
				FB64DC4018BA2AE7004139EA /* b2Math.cpp */,
				FB64DC4118BA2AE7004139EA /* b2Math.h */,
				FB64DC4218BA2AE7004139EA /* b2Settings.cpp */,
				FB64DC4318BA2AE7004139EA /* b2Settings.h */,
				FB64DC4418BA2AE7004139EA /* b2StackAllocator.cpp */,
				FB64DC4518BA2AE7004139EA /* b2StackAllocator.h */,
				FB64DC4618BA2AE7004139EA /* b2Timer.cpp */,
				FB64DC4718BA2AE7004139EA /* b2Timer.h */,
			);
			name = Common;
			sourceTree = "<group>";
		};
		FB64DC4E18BA2AEA004139EA /* Dynamics */ = {
			isa = PBXGroup;
			children = (
				FB64DC7E18BA2B1E004139EA /* Joints */,
				FB64DC6218BA2AFE004139EA /* Contacts */,
				FB64DC4F18BA2AF9004139EA /* b2Body.cpp */,
				FB64DC5018BA2AF9004139EA /* b2Body.h */,
				FB64DC5118BA2AF9004139EA /* b2ContactManager.cpp */,
				FB64DC5218BA2AF9004139EA /* b2ContactManager.h */,
				FB64DC5318BA2AF9004139EA /* b2Fixture.cpp */,
				FB64DC5418BA2AF9004139EA /* b2Fixture.h */,
				FB64DC5518BA2AF9004139EA /* b2Island.cpp */,
				FB64DC5618BA2AF9004139EA /* b2Island.h */,
				FB64DC5718BA2AF9004139EA /* b2TimeStep.h */,
				FB64DC5818BA2AF9004139EA /* b2World.cpp */,
				FB64DC5918BA2AF9004139EA /* b2World.h */,
				FB64DC5A18BA2AF9004139EA /* b2WorldCallbacks.cpp */,
				FB64DC5B18BA2AF9004139EA /* b2WorldCallbacks.h */,
			);
			name = Dynamics;
			sourceTree = "<group>";
		};
		FB64DC6218BA2AFE004139EA /* Contacts */ = {
			isa = PBXGroup;
			children = (
				FB64DC6318BA2B0E004139EA /* b2ChainAndCircleContact.cpp */,
				FB64DC6418BA2B0E004139EA /* b2ChainAndCircleContact.h */,
				FB64DC6518BA2B0E004139EA /* b2ChainAndPolygonContact.cpp */,
				FB64DC6618BA2B0E004139EA /* b2ChainAndPolygonContact.h */,
				FB64DC6718BA2B0E004139EA /* b2CircleContact.cpp */,
				FB64DC6818BA2B0E004139EA /* b2CircleContact.h */,
				FB64DC6918BA2B0E004139EA /* b2Contact.cpp */,
				FB64DC6A18BA2B0E004139EA /* b2Contact.h */,
				FB64DC6B18BA2B0E004139EA /* b2ContactSolver.cpp */,
				FB64DC6C18BA2B0E004139EA /* b2ContactSolver.h */,
				FB64DC6D18BA2B0E004139EA /* b2EdgeAndCircleContact.cpp */,
				FB64DC6E18BA2B0E004139EA /* b2EdgeAndCircleContact.h */,
				FB64DC6F18BA2B0E004139EA /* b2EdgeAndPolygonContact.cpp */,
				FB64DC7018BA2B0E004139EA /* b2EdgeAndPolygonContact.h */,
				FB64DC7118BA2B0E004139EA /* b2PolygonAndCircleContact.cpp */,
				FB64DC7218BA2B0E004139EA /* b2PolygonAndCircleContact.h */,
				FB64DC7318BA2B0E004139EA /* b2PolygonContact.cpp */,
				FB64DC7418BA2B0E004139EA /* b2PolygonContact.h */,
			);
			name = Contacts;
			sourceTree = "<group>";
		};
		FB64DC7E18BA2B1E004139EA /* Joints */ = {
			isa = PBXGroup;
			children = (
				FB64DC7F18BA2B2C004139EA /* b2DistanceJoint.cpp */,
				FB64DC8018BA2B2C004139EA /* b2DistanceJoint.h */,
				FB64DC8118BA2B2C004139EA /* b2FrictionJoint.cpp */,
				FB64DC8218BA2B2C004139EA /* b2FrictionJoint.h */,
				FB64DC8318BA2B2C004139EA /* b2GearJoint.cpp */,
				FB64DC8418BA2B2C004139EA /* b2GearJoint.h */,
				FB64DC8518BA2B2C004139EA /* b2Joint.cpp */,
				FB64DC8618BA2B2C004139EA /* b2Joint.h */,
				FB64DC8718BA2B2C004139EA /* b2MouseJoint.cpp */,
				FB64DC8818BA2B2C004139EA /* b2MouseJoint.h */,
				FB64DC8918BA2B2C004139EA /* b2PrismaticJoint.cpp */,
				FB64DC8A18BA2B2C004139EA /* b2PrismaticJoint.h */,
				FB64DC8B18BA2B2C004139EA /* b2PulleyJoint.cpp */,
				FB64DC8C18BA2B2C004139EA /* b2PulleyJoint.h */,
				FB64DC8D18BA2B2C004139EA /* b2RevoluteJoint.cpp */,
				FB64DC8E18BA2B2C004139EA /* b2RevoluteJoint.h */,
				FB64DC8F18BA2B2C004139EA /* b2RopeJoint.cpp */,
				FB64DC9018BA2B2C004139EA /* b2RopeJoint.h */,
				FB64DC9118BA2B2C004139EA /* b2WeldJoint.cpp */,
				FB64DC9218BA2B2C004139EA /* b2WeldJoint.h */,
				FB64DC9318BA2B2C004139EA /* b2WheelJoint.cpp */,
				FB64DC9418BA2B2C004139EA /* b2WheelJoint.h */,
			);
			name = Joints;
			sourceTree = "<group>";
		};
		FB64DCA018BA2B33004139EA /* Rope */ = {
			isa = PBXGroup;
			children = (
				FB64DCA118BA2B48004139EA /* b2Rope.cpp */,
				FB64DCA218BA2B48004139EA /* b2Rope.h */,
			);
			name = Rope;
			sourceTree = "<group>";
		};
		FB7215FC1885A1CD00D0B811 = {
			isa = PBXGroup;
			children = (
				FB64DC1318BA2A65004139EA /* src */,
				FB7216C71885A8B800D0B811 /* box2d-2.2.1 */,
				FB72160A1885A1CD00D0B811 /* box2d */,
				FB72161E1885A1CD00D0B811 /* box2dTests */,
				FB7216071885A1CD00D0B811 /* Frameworks */,
				FB7216061885A1CD00D0B811 /* Products */,
			);
			sourceTree = "<group>";
		};
		FB7216061885A1CD00D0B811 /* Products */ = {
			isa = PBXGroup;
			children = (
				FB7216051885A1CD00D0B811 /* libbox2d.a */,
				FB7216151885A1CD00D0B811 /* box2dTests.xctest */,
			);
			name = Products;
			sourceTree = "<group>";
		};
		FB7216071885A1CD00D0B811 /* Frameworks */ = {
			isa = PBXGroup;
			children = (
				FB7216081885A1CD00D0B811 /* Foundation.framework */,
				FB7216161885A1CD00D0B811 /* XCTest.framework */,
				FB7216191885A1CD00D0B811 /* UIKit.framework */,
			);
			name = Frameworks;
			sourceTree = "<group>";
		};
		FB72160A1885A1CD00D0B811 /* box2d */ = {
			isa = PBXGroup;
			children = (
				FB72160B1885A1CD00D0B811 /* Supporting Files */,
			);
			path = box2d;
			sourceTree = "<group>";
		};
		FB72160B1885A1CD00D0B811 /* Supporting Files */ = {
			isa = PBXGroup;
			children = (
				FB72160C1885A1CD00D0B811 /* box2d-Prefix.pch */,
			);
			name = "Supporting Files";
			sourceTree = "<group>";
		};
		FB72161E1885A1CD00D0B811 /* box2dTests */ = {
			isa = PBXGroup;
			children = (
				FB7216241885A1CD00D0B811 /* box2dTests.m */,
				FB72161F1885A1CD00D0B811 /* Supporting Files */,
			);
			path = box2dTests;
			sourceTree = "<group>";
		};
		FB72161F1885A1CD00D0B811 /* Supporting Files */ = {
			isa = PBXGroup;
			children = (
				FB7216201885A1CD00D0B811 /* box2dTests-Info.plist */,
				FB7216211885A1CD00D0B811 /* InfoPlist.strings */,
			);
			name = "Supporting Files";
			sourceTree = "<group>";
		};
/* End PBXGroup section */

/* Begin PBXNativeTarget section */
		FB7216041885A1CD00D0B811 /* box2d */ = {
			isa = PBXNativeTarget;
			buildConfigurationList = FB7216281885A1CD00D0B811 /* Build configuration list for PBXNativeTarget "box2d" */;
			buildPhases = (
				FB7216011885A1CD00D0B811 /* Sources */,
				FB7216021885A1CD00D0B811 /* Frameworks */,
				FB7216031885A1CD00D0B811 /* CopyFiles */,
			);
			buildRules = (
			);
			dependencies = (
			);
			name = box2d;
			productName = box2d;
			productReference = FB7216051885A1CD00D0B811 /* libbox2d.a */;
			productType = "com.apple.product-type.library.static";
		};
		FB7216141885A1CD00D0B811 /* box2dTests */ = {
			isa = PBXNativeTarget;
			buildConfigurationList = FB72162B1885A1CD00D0B811 /* Build configuration list for PBXNativeTarget "box2dTests" */;
			buildPhases = (
				FB7216111885A1CD00D0B811 /* Sources */,
				FB7216121885A1CD00D0B811 /* Frameworks */,
				FB7216131885A1CD00D0B811 /* Resources */,
			);
			buildRules = (
			);
			dependencies = (
				FB72161C1885A1CD00D0B811 /* PBXTargetDependency */,
			);
			name = box2dTests;
			productName = box2dTests;
			productReference = FB7216151885A1CD00D0B811 /* box2dTests.xctest */;
			productType = "com.apple.product-type.bundle.unit-test";
		};
/* End PBXNativeTarget section */

/* Begin PBXProject section */
		FB7215FD1885A1CD00D0B811 /* Project object */ = {
			isa = PBXProject;
			attributes = {
				LastUpgradeCheck = 0500;
				ORGANIZATIONNAME = "Woima Solutions Oy";
			};
			buildConfigurationList = FB7216001885A1CD00D0B811 /* Build configuration list for PBXProject "box2d" */;
			compatibilityVersion = "Xcode 3.2";
			developmentRegion = English;
			hasScannedForEncodings = 0;
			knownRegions = (
				en,
			);
			mainGroup = FB7215FC1885A1CD00D0B811;
			productRefGroup = FB7216061885A1CD00D0B811 /* Products */;
			projectDirPath = "";
			projectRoot = "";
			targets = (
				FB7216041885A1CD00D0B811 /* box2d */,
				FB7216141885A1CD00D0B811 /* box2dTests */,
			);
		};
/* End PBXProject section */

/* Begin PBXResourcesBuildPhase section */
		FB7216131885A1CD00D0B811 /* Resources */ = {
			isa = PBXResourcesBuildPhase;
			buildActionMask = 2147483647;
			files = (
				FB7216231885A1CD00D0B811 /* InfoPlist.strings in Resources */,
			);
			runOnlyForDeploymentPostprocessing = 0;
		};
/* End PBXResourcesBuildPhase section */

/* Begin PBXSourcesBuildPhase section */
		FB7216011885A1CD00D0B811 /* Sources */ = {
			isa = PBXSourcesBuildPhase;
			buildActionMask = 2147483647;
			files = (
				FB64DC9D18BA2B2C004139EA /* b2RopeJoint.cpp in Sources */,
				FB64DC3918BA2ACD004139EA /* b2PolygonShape.cpp in Sources */,
				FB64DC6118BA2AF9004139EA /* b2WorldCallbacks.cpp in Sources */,
				FB64DC4918BA2AE7004139EA /* b2Draw.cpp in Sources */,
				FB64DC2418BA2AA4004139EA /* b2CollideCircle.cpp in Sources */,
				FB64DC9618BA2B2C004139EA /* b2FrictionJoint.cpp in Sources */,
				FB64DC2A18BA2AA4004139EA /* b2TimeOfImpact.cpp in Sources */,
				FB64DC4B18BA2AE7004139EA /* b2Settings.cpp in Sources */,
				FB64DC2618BA2AA4004139EA /* b2CollidePolygon.cpp in Sources */,
				FB64DC3618BA2ACD004139EA /* b2ChainShape.cpp in Sources */,
				FB64DC9A18BA2B2C004139EA /* b2PrismaticJoint.cpp in Sources */,
				FB64DC7918BA2B0E004139EA /* b2ContactSolver.cpp in Sources */,
				FB64DC7B18BA2B0E004139EA /* b2EdgeAndPolygonContact.cpp in Sources */,
				FB64DC4818BA2AE7004139EA /* b2BlockAllocator.cpp in Sources */,
				FB64DC5D18BA2AF9004139EA /* b2ContactManager.cpp in Sources */,
				FB64DC7818BA2B0E004139EA /* b2Contact.cpp in Sources */,
				FB64DC2818BA2AA4004139EA /* b2Distance.cpp in Sources */,
				FB64DC7D18BA2B0E004139EA /* b2PolygonContact.cpp in Sources */,
				FB64DC7618BA2B0E004139EA /* b2ChainAndPolygonContact.cpp in Sources */,
				FB64DC5C18BA2AF9004139EA /* b2Body.cpp in Sources */,
				FB64DC5E18BA2AF9004139EA /* b2Fixture.cpp in Sources */,
				FB64DC5F18BA2AF9004139EA /* b2Island.cpp in Sources */,
				FB64DC3718BA2ACD004139EA /* b2CircleShape.cpp in Sources */,
				FB64DC2318BA2AA4004139EA /* b2BroadPhase.cpp in Sources */,
				FB64DC9918BA2B2C004139EA /* b2MouseJoint.cpp in Sources */,
				FB64DC4D18BA2AE7004139EA /* b2Timer.cpp in Sources */,
				FB64DC9718BA2B2C004139EA /* b2GearJoint.cpp in Sources */,
				FB64DC7718BA2B0E004139EA /* b2CircleContact.cpp in Sources */,
				FB64DC4A18BA2AE7004139EA /* b2Math.cpp in Sources */,
				FB64DC4C18BA2AE7004139EA /* b2StackAllocator.cpp in Sources */,
				FB64DCA318BA2B48004139EA /* b2Rope.cpp in Sources */,
				FB64DC9C18BA2B2C004139EA /* b2RevoluteJoint.cpp in Sources */,
				FB64DC7518BA2B0E004139EA /* b2ChainAndCircleContact.cpp in Sources */,
				FB64DC6018BA2AF9004139EA /* b2World.cpp in Sources */,
				FB64DC7A18BA2B0E004139EA /* b2EdgeAndCircleContact.cpp in Sources */,
				FB64DC7C18BA2B0E004139EA /* b2PolygonAndCircleContact.cpp in Sources */,
				FB64DC9518BA2B2C004139EA /* b2DistanceJoint.cpp in Sources */,
				FB64DC2918BA2AA4004139EA /* b2DynamicTree.cpp in Sources */,
				FB64DC3818BA2ACD004139EA /* b2EdgeShape.cpp in Sources */,
				FB64DC9818BA2B2C004139EA /* b2Joint.cpp in Sources */,
				FB64DC9B18BA2B2C004139EA /* b2PulleyJoint.cpp in Sources */,
				FB64DC9E18BA2B2C004139EA /* b2WeldJoint.cpp in Sources */,
				FB64DC2718BA2AA4004139EA /* b2Collision.cpp in Sources */,
				FB64DC9F18BA2B2C004139EA /* b2WheelJoint.cpp in Sources */,
				FB64DC2518BA2AA4004139EA /* b2CollideEdge.cpp in Sources */,
			);
			runOnlyForDeploymentPostprocessing = 0;
		};
		FB7216111885A1CD00D0B811 /* Sources */ = {
			isa = PBXSourcesBuildPhase;
			buildActionMask = 2147483647;
			files = (
				FB7216251885A1CD00D0B811 /* box2dTests.m in Sources */,
			);
			runOnlyForDeploymentPostprocessing = 0;
		};
/* End PBXSourcesBuildPhase section */

/* Begin PBXTargetDependency section */
		FB72161C1885A1CD00D0B811 /* PBXTargetDependency */ = {
			isa = PBXTargetDependency;
			target = FB7216041885A1CD00D0B811 /* box2d */;
			targetProxy = FB72161B1885A1CD00D0B811 /* PBXContainerItemProxy */;
		};
/* End PBXTargetDependency section */

/* Begin PBXVariantGroup section */
		FB7216211885A1CD00D0B811 /* InfoPlist.strings */ = {
			isa = PBXVariantGroup;
			children = (
				FB7216221885A1CD00D0B811 /* en */,
			);
			name = InfoPlist.strings;
			sourceTree = "<group>";
		};
/* End PBXVariantGroup section */

/* Begin XCBuildConfiguration section */
		FB7216261885A1CD00D0B811 /* Debug */ = {
			isa = XCBuildConfiguration;
			buildSettings = {
				ALWAYS_SEARCH_USER_PATHS = NO;
				ARCHS = "$(ARCHS_STANDARD_INCLUDING_64_BIT)";
				CLANG_CXX_LANGUAGE_STANDARD = "gnu++98";
				CLANG_CXX_LIBRARY = "libc++";
				CLANG_ENABLE_MODULES = YES;
				CLANG_ENABLE_OBJC_ARC = YES;
				CLANG_WARN_BOOL_CONVERSION = YES;
				CLANG_WARN_CONSTANT_CONVERSION = YES;
				CLANG_WARN_DIRECT_OBJC_ISA_USAGE = YES_ERROR;
				CLANG_WARN_EMPTY_BODY = YES;
				CLANG_WARN_ENUM_CONVERSION = YES;
				CLANG_WARN_INT_CONVERSION = YES;
				CLANG_WARN_OBJC_ROOT_CLASS = YES_ERROR;
				CLANG_WARN__DUPLICATE_METHOD_MATCH = YES;
				COPY_PHASE_STRIP = NO;
				GCC_C_LANGUAGE_STANDARD = gnu99;
				GCC_DYNAMIC_NO_PIC = NO;
				GCC_OPTIMIZATION_LEVEL = 0;
				GCC_PREPROCESSOR_DEFINITIONS = (
					"DEBUG=1",
					"$(inherited)",
				);
				GCC_SYMBOLS_PRIVATE_EXTERN = NO;
				GCC_WARN_64_TO_32_BIT_CONVERSION = YES;
				GCC_WARN_ABOUT_RETURN_TYPE = YES_ERROR;
				GCC_WARN_UNDECLARED_SELECTOR = YES;
				GCC_WARN_UNINITIALIZED_AUTOS = YES;
				GCC_WARN_UNUSED_FUNCTION = YES;
				GCC_WARN_UNUSED_VARIABLE = YES;
				IPHONEOS_DEPLOYMENT_TARGET = 7.0;
				ONLY_ACTIVE_ARCH = YES;
				SDKROOT = iphoneos;
			};
			name = Debug;
		};
		FB7216271885A1CD00D0B811 /* Release */ = {
			isa = XCBuildConfiguration;
			buildSettings = {
				ALWAYS_SEARCH_USER_PATHS = NO;
				ARCHS = "$(ARCHS_STANDARD_INCLUDING_64_BIT)";
				CLANG_CXX_LANGUAGE_STANDARD = "gnu++98";
				CLANG_CXX_LIBRARY = "libc++";
				CLANG_ENABLE_MODULES = YES;
				CLANG_ENABLE_OBJC_ARC = YES;
				CLANG_WARN_BOOL_CONVERSION = YES;
				CLANG_WARN_CONSTANT_CONVERSION = YES;
				CLANG_WARN_DIRECT_OBJC_ISA_USAGE = YES_ERROR;
				CLANG_WARN_EMPTY_BODY = YES;
				CLANG_WARN_ENUM_CONVERSION = YES;
				CLANG_WARN_INT_CONVERSION = YES;
				CLANG_WARN_OBJC_ROOT_CLASS = YES_ERROR;
				CLANG_WARN__DUPLICATE_METHOD_MATCH = YES;
				COPY_PHASE_STRIP = YES;
				ENABLE_NS_ASSERTIONS = NO;
				GCC_C_LANGUAGE_STANDARD = gnu99;
				GCC_WARN_64_TO_32_BIT_CONVERSION = YES;
				GCC_WARN_ABOUT_RETURN_TYPE = YES_ERROR;
				GCC_WARN_UNDECLARED_SELECTOR = YES;
				GCC_WARN_UNINITIALIZED_AUTOS = YES;
				GCC_WARN_UNUSED_FUNCTION = YES;
				GCC_WARN_UNUSED_VARIABLE = YES;
				IPHONEOS_DEPLOYMENT_TARGET = 7.0;
				SDKROOT = iphoneos;
				VALIDATE_PRODUCT = YES;
			};
			name = Release;
		};
		FB7216291885A1CD00D0B811 /* Debug */ = {
			isa = XCBuildConfiguration;
			buildSettings = {
				DSTROOT = /tmp/box2d.dst;
				GCC_PRECOMPILE_PREFIX_HEADER = YES;
				GCC_PREFIX_HEADER = "box2d/box2d-Prefix.pch";
				HEADER_SEARCH_PATHS = (
					"$(inherited)",
					/Applications/Xcode.app/Contents/Developer/Toolchains/XcodeDefault.xctoolchain/usr/include,
					"../../box2d-2.2.1",
				);
				IPHONEOS_DEPLOYMENT_TARGET = 5.1;
				OTHER_LDFLAGS = "-ObjC";
				PRODUCT_NAME = "$(TARGET_NAME)";
				SKIP_INSTALL = YES;
			};
			name = Debug;
		};
		FB72162A1885A1CD00D0B811 /* Release */ = {
			isa = XCBuildConfiguration;
			buildSettings = {
				DSTROOT = /tmp/box2d.dst;
				GCC_PRECOMPILE_PREFIX_HEADER = YES;
				GCC_PREFIX_HEADER = "box2d/box2d-Prefix.pch";
				HEADER_SEARCH_PATHS = (
					"$(inherited)",
					/Applications/Xcode.app/Contents/Developer/Toolchains/XcodeDefault.xctoolchain/usr/include,
					"../../box2d-2.2.1",
				);
				IPHONEOS_DEPLOYMENT_TARGET = 5.1;
				OTHER_LDFLAGS = "-ObjC";
				PRODUCT_NAME = "$(TARGET_NAME)";
				SKIP_INSTALL = YES;
			};
			name = Release;
		};
		FB72162C1885A1CD00D0B811 /* Debug */ = {
			isa = XCBuildConfiguration;
			buildSettings = {
				ARCHS = "$(ARCHS_STANDARD_INCLUDING_64_BIT)";
				FRAMEWORK_SEARCH_PATHS = (
					"$(SDKROOT)/Developer/Library/Frameworks",
					"$(inherited)",
					"$(DEVELOPER_FRAMEWORKS_DIR)",
				);
				GCC_PRECOMPILE_PREFIX_HEADER = YES;
				GCC_PREFIX_HEADER = "box2d/box2d-Prefix.pch";
				GCC_PREPROCESSOR_DEFINITIONS = (
					"DEBUG=1",
					"$(inherited)",
				);
				INFOPLIST_FILE = "box2dTests/box2dTests-Info.plist";
				PRODUCT_NAME = "$(TARGET_NAME)";
				WRAPPER_EXTENSION = xctest;
			};
			name = Debug;
		};
		FB72162D1885A1CD00D0B811 /* Release */ = {
			isa = XCBuildConfiguration;
			buildSettings = {
				ARCHS = "$(ARCHS_STANDARD_INCLUDING_64_BIT)";
				FRAMEWORK_SEARCH_PATHS = (
					"$(SDKROOT)/Developer/Library/Frameworks",
					"$(inherited)",
					"$(DEVELOPER_FRAMEWORKS_DIR)",
				);
				GCC_PRECOMPILE_PREFIX_HEADER = YES;
				GCC_PREFIX_HEADER = "box2d/box2d-Prefix.pch";
				INFOPLIST_FILE = "box2dTests/box2dTests-Info.plist";
				PRODUCT_NAME = "$(TARGET_NAME)";
				WRAPPER_EXTENSION = xctest;
			};
			name = Release;
		};
/* End XCBuildConfiguration section */

/* Begin XCConfigurationList section */
		FB7216001885A1CD00D0B811 /* Build configuration list for PBXProject "box2d" */ = {
			isa = XCConfigurationList;
			buildConfigurations = (
				FB7216261885A1CD00D0B811 /* Debug */,
				FB7216271885A1CD00D0B811 /* Release */,
			);
			defaultConfigurationIsVisible = 0;
			defaultConfigurationName = Release;
		};
		FB7216281885A1CD00D0B811 /* Build configuration list for PBXNativeTarget "box2d" */ = {
			isa = XCConfigurationList;
			buildConfigurations = (
				FB7216291885A1CD00D0B811 /* Debug */,
				FB72162A1885A1CD00D0B811 /* Release */,
			);
			defaultConfigurationIsVisible = 0;
			defaultConfigurationName = Release;
		};
		FB72162B1885A1CD00D0B811 /* Build configuration list for PBXNativeTarget "box2dTests" */ = {
			isa = XCConfigurationList;
			buildConfigurations = (
				FB72162C1885A1CD00D0B811 /* Debug */,
				FB72162D1885A1CD00D0B811 /* Release */,
			);
			defaultConfigurationIsVisible = 0;
			defaultConfigurationName = Release;
		};
/* End XCConfigurationList section */
	};
	rootObject = FB7215FD1885A1CD00D0B811 /* Project object */;
}
